
Microsoft Visual Studio Solution File, Format Version 12.00
# Visual Studio Version 17
VisualStudioVersion = 17.4.33213.308
MinimumVisualStudioVersion = 10.0.40219.1
Project("{FAE04EC0-301F-11D3-BF4B-00C04F79EFBC}") = "Directive", "Directive\Directive.csproj", "{4DAAB499-8D22-476D-B522-FF122F3CD83E}"
EndProject
Global
	GlobalSection(SolutionConfigurationPlatforms) = preSolution
		Debug|Any CPU = Debug|Any CPU
		Release|Any CPU = Release|Any CPU
	EndGlobalSection
	GlobalSection(ProjectConfigurationPlatforms) = postSolution
		{4DAAB499-8D22-476D-B522-FF122F3CD83E}.Debug|Any CPU.ActiveCfg = Debug|Any CPU
		{4DAAB499-8D22-476D-B522-FF122F3CD83E}.Debug|Any CPU.Build.0 = Debug|Any CPU
		{4DAAB499-8D22-476D-B522-FF122F3CD83E}.Release|Any CPU.ActiveCfg = Release|Any CPU
		{4DAAB499-8D22-476D-B522-FF122F3CD83E}.Release|Any CPU.Build.0 = Release|Any CPU
	EndGlobalSection
	GlobalSection(SolutionProperties) = preSolution
		HideSolutionNode = FALSE
	EndGlobalSection
	GlobalSection(ExtensibilityGlobals) = postSolution
		SolutionGuid = {AEFB2BBA-98B9-4670-BB5A-09077249812E}
	EndGlobalSection
EndGlobal
